
Microsoft Visual Studio Solution File, Format Version 12.00
# Visual Studio Version 16
VisualStudioVersion = 16.0.29215.179
MinimumVisualStudioVersion = 10.0.40219.1
Project("{9A19103F-16F7-4668-BE54-9A1E7A4F7556}") = "ArnoBot", "ArnoBot\ArnoBot.csproj", "{39558B8B-8536-44D6-B27C-44336DCDC8AA}"
EndProject
Project("{9A19103F-16F7-4668-BE54-9A1E7A4F7556}") = "ArnoBot.Testing", "ArnoBot.Testing\ArnoBot.Testing.csproj", "{0DB5126C-6BE1-435D-A3A7-B44E9E02682E}"
EndProject
Project("{9A19103F-16F7-4668-BE54-9A1E7A4F7556}") = "ArnoBot.FrontEnd.ConsoleApp", "ArnoBot.FrontEnd.ConsoleApp\ArnoBot.FrontEnd.ConsoleApp.csproj", "{821A08DC-7DCC-4BFA-B126-B346DC0321D1}"
EndProject
Project("{9A19103F-16F7-4668-BE54-9A1E7A4F7556}") = "ArnoBot.Modules.Core", "ArnoBot.Modules.Core\ArnoBot.Modules.Core.csproj", "{E0D956B1-122A-45F1-B722-69725F37A609}"
EndProject
Project("{9A19103F-16F7-4668-BE54-9A1E7A4F7556}") = "ArnoBot.ModuleLoader", "ArnoBot.ModuleLoader\ArnoBot.ModuleLoader.csproj", "{B9A9AA3A-AAB2-4649-95BB-5674F832F9BF}"
EndProject
Project("{9A19103F-16F7-4668-BE54-9A1E7A4F7556}") = "ArnoBot.FrontEnd.DiscordBot", "ArnoBot.FrontEnd.DiscordBot\ArnoBot.FrontEnd.DiscordBot.csproj", "{D70169AB-45C7-4DC3-9C47-984885915388}"
EndProject
Project("{FAE04EC0-301F-11D3-BF4B-00C04F79EFBC}") = "ArnoBot.DiscordBot.Interface", "ArnoBot.DiscordBot.Interface\ArnoBot.DiscordBot.Interface.csproj", "{E47BB697-9E9E-4A1A-BD7B-F4702A53FE19}"
EndProject
Global
	GlobalSection(SolutionConfigurationPlatforms) = preSolution
		Debug|Any CPU = Debug|Any CPU
		Release|Any CPU = Release|Any CPU
	EndGlobalSection
	GlobalSection(ProjectConfigurationPlatforms) = postSolution
		{39558B8B-8536-44D6-B27C-44336DCDC8AA}.Debug|Any CPU.ActiveCfg = Debug|Any CPU
		{39558B8B-8536-44D6-B27C-44336DCDC8AA}.Debug|Any CPU.Build.0 = Debug|Any CPU
		{39558B8B-8536-44D6-B27C-44336DCDC8AA}.Release|Any CPU.ActiveCfg = Release|Any CPU
		{39558B8B-8536-44D6-B27C-44336DCDC8AA}.Release|Any CPU.Build.0 = Release|Any CPU
		{0DB5126C-6BE1-435D-A3A7-B44E9E02682E}.Debug|Any CPU.ActiveCfg = Debug|Any CPU
		{0DB5126C-6BE1-435D-A3A7-B44E9E02682E}.Debug|Any CPU.Build.0 = Debug|Any CPU
		{0DB5126C-6BE1-435D-A3A7-B44E9E02682E}.Release|Any CPU.ActiveCfg = Release|Any CPU
		{0DB5126C-6BE1-435D-A3A7-B44E9E02682E}.Release|Any CPU.Build.0 = Release|Any CPU
		{821A08DC-7DCC-4BFA-B126-B346DC0321D1}.Debug|Any CPU.ActiveCfg = Debug|Any CPU
		{821A08DC-7DCC-4BFA-B126-B346DC0321D1}.Debug|Any CPU.Build.0 = Debug|Any CPU
		{821A08DC-7DCC-4BFA-B126-B346DC0321D1}.Release|Any CPU.ActiveCfg = Release|Any CPU
		{821A08DC-7DCC-4BFA-B126-B346DC0321D1}.Release|Any CPU.Build.0 = Release|Any CPU
		{E0D956B1-122A-45F1-B722-69725F37A609}.Debug|Any CPU.ActiveCfg = Debug|Any CPU
		{E0D956B1-122A-45F1-B722-69725F37A609}.Debug|Any CPU.Build.0 = Debug|Any CPU
		{E0D956B1-122A-45F1-B722-69725F37A609}.Release|Any CPU.ActiveCfg = Release|Any CPU
		{E0D956B1-122A-45F1-B722-69725F37A609}.Release|Any CPU.Build.0 = Release|Any CPU
		{B9A9AA3A-AAB2-4649-95BB-5674F832F9BF}.Debug|Any CPU.ActiveCfg = Debug|Any CPU
		{B9A9AA3A-AAB2-4649-95BB-5674F832F9BF}.Debug|Any CPU.Build.0 = Debug|Any CPU
		{B9A9AA3A-AAB2-4649-95BB-5674F832F9BF}.Release|Any CPU.ActiveCfg = Release|Any CPU
		{B9A9AA3A-AAB2-4649-95BB-5674F832F9BF}.Release|Any CPU.Build.0 = Release|Any CPU
		{D70169AB-45C7-4DC3-9C47-984885915388}.Debug|Any CPU.ActiveCfg = Debug|Any CPU
		{D70169AB-45C7-4DC3-9C47-984885915388}.Debug|Any CPU.Build.0 = Debug|Any CPU
		{D70169AB-45C7-4DC3-9C47-984885915388}.Release|Any CPU.ActiveCfg = Release|Any CPU
		{D70169AB-45C7-4DC3-9C47-984885915388}.Release|Any CPU.Build.0 = Release|Any CPU
		{E47BB697-9E9E-4A1A-BD7B-F4702A53FE19}.Debug|Any CPU.ActiveCfg = Debug|Any CPU
		{E47BB697-9E9E-4A1A-BD7B-F4702A53FE19}.Debug|Any CPU.Build.0 = Debug|Any CPU
		{E47BB697-9E9E-4A1A-BD7B-F4702A53FE19}.Release|Any CPU.ActiveCfg = Release|Any CPU
		{E47BB697-9E9E-4A1A-BD7B-F4702A53FE19}.Release|Any CPU.Build.0 = Release|Any CPU
	EndGlobalSection
	GlobalSection(SolutionProperties) = preSolution
		HideSolutionNode = FALSE
	EndGlobalSection
	GlobalSection(ExtensibilityGlobals) = postSolution
		SolutionGuid = {A10AFFDE-B2A3-4D66-87DA-6C81B9303771}
	EndGlobalSection
EndGlobal
